// !$*UTF8*$!
{
	archiveVersion = 1;
	classes = {
	};
	objectVersion = 51;
	objects = {

/* Begin PBXBuildFile section */
		D006BF3E2741594400989110 /* ScreenThreeViewController.swift in Sources */ = {isa = PBXBuildFile; fileRef = D006BF3D2741594400989110 /* ScreenThreeViewController.swift */; };
		D006BF402741596100989110 /* ScreenThreeViewControllerCell.swift in Sources */ = {isa = PBXBuildFile; fileRef = D006BF3F2741596100989110 /* ScreenThreeViewControllerCell.swift */; };
		D00865DC271D27FB0007C5CA /* ViewGalleryController.swift in Sources */ = {isa = PBXBuildFile; fileRef = D00865DB271D27FB0007C5CA /* ViewGalleryController.swift */; };
		D028304E273FE7D000E59717 /* SliderView.swift in Sources */ = {isa = PBXBuildFile; fileRef = D028304D273FE7D000E59717 /* SliderView.swift */; };
		D0498A212714181A00E53689 /* AppDelegate.swift in Sources */ = {isa = PBXBuildFile; fileRef = D0498A202714181A00E53689 /* AppDelegate.swift */; };
		D0498A232714181A00E53689 /* SceneDelegate.swift in Sources */ = {isa = PBXBuildFile; fileRef = D0498A222714181A00E53689 /* SceneDelegate.swift */; };
		D0498A252714181A00E53689 /* ViewController.swift in Sources */ = {isa = PBXBuildFile; fileRef = D0498A242714181A00E53689 /* ViewController.swift */; };
		D0498A282714181A00E53689 /* Main.storyboard in Resources */ = {isa = PBXBuildFile; fileRef = D0498A262714181A00E53689 /* Main.storyboard */; };
		D0498A2B2714181A00E53689 /* Test.xcdatamodeld in Sources */ = {isa = PBXBuildFile; fileRef = D0498A292714181A00E53689 /* Test.xcdatamodeld */; };
		D0498A2D2714181C00E53689 /* Assets.xcassets in Resources */ = {isa = PBXBuildFile; fileRef = D0498A2C2714181C00E53689 /* Assets.xcassets */; };
		D0498A302714181C00E53689 /* LaunchScreen.storyboard in Resources */ = {isa = PBXBuildFile; fileRef = D0498A2E2714181C00E53689 /* LaunchScreen.storyboard */; };
		D0498A3F271421A000E53689 /* K.swift in Sources */ = {isa = PBXBuildFile; fileRef = D0498A3E271421A000E53689 /* K.swift */; };
		D0498A412714387E00E53689 /* Project.swift in Sources */ = {isa = PBXBuildFile; fileRef = D0498A402714387E00E53689 /* Project.swift */; };
		D0498A442714392500E53689 /* Projects.swift in Sources */ = {isa = PBXBuildFile; fileRef = D0498A432714392500E53689 /* Projects.swift */; };
		D0498A462716BBBD00E53689 /* ProjectTableViewCell.swift in Sources */ = {isa = PBXBuildFile; fileRef = D0498A452716BBBD00E53689 /* ProjectTableViewCell.swift */; };
		D09BC19B272175FB000318B1 /* EditView.swift in Sources */ = {isa = PBXBuildFile; fileRef = D09BC19A272175FB000318B1 /* EditView.swift */; };
		D0AEEEBF272699430062120E /* GalleryView.swift in Sources */ = {isa = PBXBuildFile; fileRef = D0AEEEBE272699430062120E /* GalleryView.swift */; };
		D1F518BFE57175540C0068E9 /* Pods_Test.framework in Frameworks */ = {isa = PBXBuildFile; fileRef = 3205BD4C5E551F4C93111F49 /* Pods_Test.framework */; };
/* End PBXBuildFile section */

/* Begin PBXFileReference section */
		3205BD4C5E551F4C93111F49 /* Pods_Test.framework */ = {isa = PBXFileReference; explicitFileType = wrapper.framework; includeInIndex = 0; path = Pods_Test.framework; sourceTree = BUILT_PRODUCTS_DIR; };
		BB2851F33B8E9A6535BD022A /* Pods-Test.release.xcconfig */ = {isa = PBXFileReference; includeInIndex = 1; lastKnownFileType = text.xcconfig; name = "Pods-Test.release.xcconfig"; path = "Target Support Files/Pods-Test/Pods-Test.release.xcconfig"; sourceTree = "<group>"; };
		C66F69D0E1DF34EAAEFB992A /* Pods-Test.debug.xcconfig */ = {isa = PBXFileReference; includeInIndex = 1; lastKnownFileType = text.xcconfig; name = "Pods-Test.debug.xcconfig"; path = "Target Support Files/Pods-Test/Pods-Test.debug.xcconfig"; sourceTree = "<group>"; };
		D006BF3D2741594400989110 /* ScreenThreeViewController.swift */ = {isa = PBXFileReference; lastKnownFileType = sourcecode.swift; path = ScreenThreeViewController.swift; sourceTree = "<group>"; };
		D006BF3F2741596100989110 /* ScreenThreeViewControllerCell.swift */ = {isa = PBXFileReference; lastKnownFileType = sourcecode.swift; path = ScreenThreeViewControllerCell.swift; sourceTree = "<group>"; };
		D00865DB271D27FB0007C5CA /* ViewGalleryController.swift */ = {isa = PBXFileReference; lastKnownFileType = sourcecode.swift; path = ViewGalleryController.swift; sourceTree = "<group>"; };
		D028304D273FE7D000E59717 /* SliderView.swift */ = {isa = PBXFileReference; lastKnownFileType = sourcecode.swift; path = SliderView.swift; sourceTree = "<group>"; };
		D0498A1D2714181A00E53689 /* Test.app */ = {isa = PBXFileReference; explicitFileType = wrapper.application; includeInIndex = 0; path = Test.app; sourceTree = BUILT_PRODUCTS_DIR; };
		D0498A202714181A00E53689 /* AppDelegate.swift */ = {isa = PBXFileReference; lastKnownFileType = sourcecode.swift; path = AppDelegate.swift; sourceTree = "<group>"; };
		D0498A222714181A00E53689 /* SceneDelegate.swift */ = {isa = PBXFileReference; lastKnownFileType = sourcecode.swift; path = SceneDelegate.swift; sourceTree = "<group>"; };
		D0498A242714181A00E53689 /* ViewController.swift */ = {isa = PBXFileReference; lastKnownFileType = sourcecode.swift; path = ViewController.swift; sourceTree = "<group>"; };
		D0498A272714181A00E53689 /* Base */ = {isa = PBXFileReference; lastKnownFileType = file.storyboard; name = Base; path = Base.lproj/Main.storyboard; sourceTree = "<group>"; };
		D0498A2A2714181A00E53689 /* Test.xcdatamodel */ = {isa = PBXFileReference; lastKnownFileType = wrapper.xcdatamodel; path = Test.xcdatamodel; sourceTree = "<group>"; };
		D0498A2C2714181C00E53689 /* Assets.xcassets */ = {isa = PBXFileReference; lastKnownFileType = folder.assetcatalog; path = Assets.xcassets; sourceTree = "<group>"; };
		D0498A2F2714181C00E53689 /* Base */ = {isa = PBXFileReference; lastKnownFileType = file.storyboard; name = Base; path = Base.lproj/LaunchScreen.storyboard; sourceTree = "<group>"; };
		D0498A312714181C00E53689 /* Info.plist */ = {isa = PBXFileReference; lastKnownFileType = text.plist.xml; path = Info.plist; sourceTree = "<group>"; };
		D0498A3E271421A000E53689 /* K.swift */ = {isa = PBXFileReference; lastKnownFileType = sourcecode.swift; path = K.swift; sourceTree = "<group>"; };
		D0498A402714387E00E53689 /* Project.swift */ = {isa = PBXFileReference; lastKnownFileType = sourcecode.swift; path = Project.swift; sourceTree = "<group>"; };
		D0498A432714392500E53689 /* Projects.swift */ = {isa = PBXFileReference; lastKnownFileType = sourcecode.swift; path = Projects.swift; sourceTree = "<group>"; };
		D0498A452716BBBD00E53689 /* ProjectTableViewCell.swift */ = {isa = PBXFileReference; lastKnownFileType = sourcecode.swift; path = ProjectTableViewCell.swift; sourceTree = "<group>"; };
		D09BC19A272175FB000318B1 /* EditView.swift */ = {isa = PBXFileReference; lastKnownFileType = sourcecode.swift; path = EditView.swift; sourceTree = "<group>"; };
		D0AEEEBE272699430062120E /* GalleryView.swift */ = {isa = PBXFileReference; lastKnownFileType = sourcecode.swift; path = GalleryView.swift; sourceTree = "<group>"; };
/* End PBXFileReference section */

/* Begin PBXFrameworksBuildPhase section */
		D0498A1A2714181A00E53689 /* Frameworks */ = {
			isa = PBXFrameworksBuildPhase;
			buildActionMask = 2147483647;
			files = (
				D1F518BFE57175540C0068E9 /* Pods_Test.framework in Frameworks */,
			);
			runOnlyForDeploymentPostprocessing = 0;
		};
/* End PBXFrameworksBuildPhase section */

/* Begin PBXGroup section */
		BA0A7311C5ED7CFC4A529B85 /* Frameworks */ = {
			isa = PBXGroup;
			children = (
				3205BD4C5E551F4C93111F49 /* Pods_Test.framework */,
			);
			name = Frameworks;
			sourceTree = "<group>";
		};
		BDD50C915FFE0B362083B3F0 /* Pods */ = {
			isa = PBXGroup;
			children = (
				C66F69D0E1DF34EAAEFB992A /* Pods-Test.debug.xcconfig */,
				BB2851F33B8E9A6535BD022A /* Pods-Test.release.xcconfig */,
			);
			path = Pods;
			sourceTree = "<group>";
		};
		D006BF3C2741592300989110 /* ScreenThree */ = {
			isa = PBXGroup;
			children = (
				D006BF3D2741594400989110 /* ScreenThreeViewController.swift */,
				D006BF3F2741596100989110 /* ScreenThreeViewControllerCell.swift */,
			);
			path = ScreenThree;
			sourceTree = "<group>";
		};
		D00865DD271D610E0007C5CA /* ScreenTwo */ = {
			isa = PBXGroup;
			children = (
				D00865DB271D27FB0007C5CA /* ViewGalleryController.swift */,
				D0AEEEBE272699430062120E /* GalleryView.swift */,
				D028304D273FE7D000E59717 /* SliderView.swift */,
				D09BC19A272175FB000318B1 /* EditView.swift */,
			);
			path = ScreenTwo;
			sourceTree = "<group>";
		};
		D042F4322740AA6F008438ED /* Support */ = {
			isa = PBXGroup;
			children = (
			);
			path = Support;
			sourceTree = "<group>";
		};
		D0498A142714181A00E53689 = {
			isa = PBXGroup;
			children = (
				D042F4322740AA6F008438ED /* Support */,
				D0498A1F2714181A00E53689 /* Test */,
				D0498A1E2714181A00E53689 /* Products */,
				BDD50C915FFE0B362083B3F0 /* Pods */,
				BA0A7311C5ED7CFC4A529B85 /* Frameworks */,
			);
			sourceTree = "<group>";
		};
		D0498A1E2714181A00E53689 /* Products */ = {
			isa = PBXGroup;
			children = (
				D0498A1D2714181A00E53689 /* Test.app */,
			);
			name = Products;
			sourceTree = "<group>";
		};
		D0498A1F2714181A00E53689 /* Test */ = {
			isa = PBXGroup;
			children = (
				D0498A202714181A00E53689 /* AppDelegate.swift */,
				D0498A222714181A00E53689 /* SceneDelegate.swift */,
				D006BF3C2741592300989110 /* ScreenThree */,
				D00865DD271D610E0007C5CA /* ScreenTwo */,
				D0498A392714185000E53689 /* ScreenOne */,
				D0498A382714184A00E53689 /* View */,
				D0498A372714183A00E53689 /* Model */,
				D0498A2C2714181C00E53689 /* Assets.xcassets */,
				D0498A2E2714181C00E53689 /* LaunchScreen.storyboard */,
				D0498A312714181C00E53689 /* Info.plist */,
				D0498A292714181A00E53689 /* Test.xcdatamodeld */,
				D0498A3E271421A000E53689 /* K.swift */,
			);
			path = Test;
			sourceTree = "<group>";
		};
		D0498A372714183A00E53689 /* Model */ = {
			isa = PBXGroup;
			children = (
				D0498A402714387E00E53689 /* Project.swift */,
				D0498A432714392500E53689 /* Projects.swift */,
			);
			path = Model;
			sourceTree = "<group>";
		};
		D0498A382714184A00E53689 /* View */ = {
			isa = PBXGroup;
			children = (
				D0498A262714181A00E53689 /* Main.storyboard */,
			);
			path = View;
			sourceTree = "<group>";
		};
		D0498A392714185000E53689 /* ScreenOne */ = {
			isa = PBXGroup;
			children = (
				D0498A242714181A00E53689 /* ViewController.swift */,
				D0498A452716BBBD00E53689 /* ProjectTableViewCell.swift */,
			);
			path = ScreenOne;
			sourceTree = "<group>";
		};
/* End PBXGroup section */

/* Begin PBXNativeTarget section */
		D0498A1C2714181A00E53689 /* Test */ = {
			isa = PBXNativeTarget;
			buildConfigurationList = D0498A342714181C00E53689 /* Build configuration list for PBXNativeTarget "Test" */;
			buildPhases = (
				327F8F4FF65D842B8C8CA512 /* [CP] Check Pods Manifest.lock */,
				D0498A192714181A00E53689 /* Sources */,
				D0498A1A2714181A00E53689 /* Frameworks */,
				D0498A1B2714181A00E53689 /* Resources */,
				56F438C300408122061D2DA7 /* [CP] Embed Pods Frameworks */,
			);
			buildRules = (
			);
			dependencies = (
			);
			name = Test;
			productName = Test;
			productReference = D0498A1D2714181A00E53689 /* Test.app */;
			productType = "com.apple.product-type.application";
		};
/* End PBXNativeTarget section */

/* Begin PBXProject section */
		D0498A152714181A00E53689 /* Project object */ = {
			isa = PBXProject;
			attributes = {
				LastSwiftUpdateCheck = 1250;
				LastUpgradeCheck = 1250;
				TargetAttributes = {
					D0498A1C2714181A00E53689 = {
						CreatedOnToolsVersion = 12.5.1;
					};
				};
			};
			buildConfigurationList = D0498A182714181A00E53689 /* Build configuration list for PBXProject "Test" */;
			compatibilityVersion = "Xcode 9.3";
			developmentRegion = en;
			hasScannedForEncodings = 0;
			knownRegions = (
				en,
				Base,
			);
			mainGroup = D0498A142714181A00E53689;
			productRefGroup = D0498A1E2714181A00E53689 /* Products */;
			projectDirPath = "";
			projectRoot = "";
			targets = (
				D0498A1C2714181A00E53689 /* Test */,
			);
		};
/* End PBXProject section */

/* Begin PBXResourcesBuildPhase section */
		D0498A1B2714181A00E53689 /* Resources */ = {
			isa = PBXResourcesBuildPhase;
			buildActionMask = 2147483647;
			files = (
				D0498A302714181C00E53689 /* LaunchScreen.storyboard in Resources */,
				D0498A2D2714181C00E53689 /* Assets.xcassets in Resources */,
				D0498A282714181A00E53689 /* Main.storyboard in Resources */,
			);
			runOnlyForDeploymentPostprocessing = 0;
		};
/* End PBXResourcesBuildPhase section */

/* Begin PBXShellScriptBuildPhase section */
		327F8F4FF65D842B8C8CA512 /* [CP] Check Pods Manifest.lock */ = {
			isa = PBXShellScriptBuildPhase;
			buildActionMask = 2147483647;
			files = (
			);
			inputFileListPaths = (
			);
			inputPaths = (
				"${PODS_PODFILE_DIR_PATH}/Podfile.lock",
				"${PODS_ROOT}/Manifest.lock",
			);
			name = "[CP] Check Pods Manifest.lock";
			outputFileListPaths = (
			);
			outputPaths = (
				"$(DERIVED_FILE_DIR)/Pods-Test-checkManifestLockResult.txt",
			);
			runOnlyForDeploymentPostprocessing = 0;
			shellPath = /bin/sh;
			shellScript = "diff \"${PODS_PODFILE_DIR_PATH}/Podfile.lock\" \"${PODS_ROOT}/Manifest.lock\" > /dev/null\nif [ $? != 0 ] ; then\n    # print error to STDERR\n    echo \"error: The sandbox is not in sync with the Podfile.lock. Run 'pod install' or update your CocoaPods installation.\" >&2\n    exit 1\nfi\n# This output is used by Xcode 'outputs' to avoid re-running this script phase.\necho \"SUCCESS\" > \"${SCRIPT_OUTPUT_FILE_0}\"\n";
			showEnvVarsInLog = 0;
		};
		56F438C300408122061D2DA7 /* [CP] Embed Pods Frameworks */ = {
			isa = PBXShellScriptBuildPhase;
			buildActionMask = 2147483647;
			files = (
			);
			inputFileListPaths = (
				"${PODS_ROOT}/Target Support Files/Pods-Test/Pods-Test-frameworks-${CONFIGURATION}-input-files.xcfilelist",
			);
			name = "[CP] Embed Pods Frameworks";
			outputFileListPaths = (
				"${PODS_ROOT}/Target Support Files/Pods-Test/Pods-Test-frameworks-${CONFIGURATION}-output-files.xcfilelist",
			);
			runOnlyForDeploymentPostprocessing = 0;
			shellPath = /bin/sh;
			shellScript = "\"${PODS_ROOT}/Target Support Files/Pods-Test/Pods-Test-frameworks.sh\"\n";
			showEnvVarsInLog = 0;
		};
/* End PBXShellScriptBuildPhase section */

/* Begin PBXSourcesBuildPhase section */
		D0498A192714181A00E53689 /* Sources */ = {
			isa = PBXSourcesBuildPhase;
			buildActionMask = 2147483647;
			files = (
				D0498A252714181A00E53689 /* ViewController.swift in Sources */,
				D0498A2B2714181A00E53689 /* Test.xcdatamodeld in Sources */,
				D0498A212714181A00E53689 /* AppDelegate.swift in Sources */,
				D006BF402741596100989110 /* ScreenThreeViewControllerCell.swift in Sources */,
				D0498A442714392500E53689 /* Projects.swift in Sources */,
				D0498A3F271421A000E53689 /* K.swift in Sources */,
				D0498A232714181A00E53689 /* SceneDelegate.swift in Sources */,
				D09BC19B272175FB000318B1 /* EditView.swift in Sources */,
				D006BF3E2741594400989110 /* ScreenThreeViewController.swift in Sources */,
				D0498A412714387E00E53689 /* Project.swift in Sources */,
				D0AEEEBF272699430062120E /* GalleryView.swift in Sources */,
				D028304E273FE7D000E59717 /* SliderView.swift in Sources */,
				D0498A462716BBBD00E53689 /* ProjectTableViewCell.swift in Sources */,
				D00865DC271D27FB0007C5CA /* ViewGalleryController.swift in Sources */,
			);
			runOnlyForDeploymentPostprocessing = 0;
		};
/* End PBXSourcesBuildPhase section */

/* Begin PBXVariantGroup section */
		D0498A262714181A00E53689 /* Main.storyboard */ = {
			isa = PBXVariantGroup;
			children = (
				D0498A272714181A00E53689 /* Base */,
			);
			name = Main.storyboard;
			sourceTree = "<group>";
		};
		D0498A2E2714181C00E53689 /* LaunchScreen.storyboard */ = {
			isa = PBXVariantGroup;
			children = (
				D0498A2F2714181C00E53689 /* Base */,
			);
			name = LaunchScreen.storyboard;
			sourceTree = "<group>";
		};
/* End PBXVariantGroup section */

/* Begin XCBuildConfiguration section */
		D0498A322714181C00E53689 /* Debug */ = {
			isa = XCBuildConfiguration;
			buildSettings = {
				ALWAYS_SEARCH_USER_PATHS = NO;
				CLANG_ANALYZER_NONNULL = YES;
				CLANG_ANALYZER_NUMBER_OBJECT_CONVERSION = YES_AGGRESSIVE;
				CLANG_CXX_LANGUAGE_STANDARD = "gnu++14";
				CLANG_CXX_LIBRARY = "libc++";
				CLANG_ENABLE_MODULES = YES;
				CLANG_ENABLE_OBJC_ARC = YES;
				CLANG_ENABLE_OBJC_WEAK = YES;
				CLANG_WARN_BLOCK_CAPTURE_AUTORELEASING = YES;
				CLANG_WARN_BOOL_CONVERSION = YES;
				CLANG_WARN_COMMA = YES;
				CLANG_WARN_CONSTANT_CONVERSION = YES;
				CLANG_WARN_DEPRECATED_OBJC_IMPLEMENTATIONS = YES;
				CLANG_WARN_DIRECT_OBJC_ISA_USAGE = YES_ERROR;
				CLANG_WARN_DOCUMENTATION_COMMENTS = YES;
				CLANG_WARN_EMPTY_BODY = YES;
				CLANG_WARN_ENUM_CONVERSION = YES;
				CLANG_WARN_INFINITE_RECURSION = YES;
				CLANG_WARN_INT_CONVERSION = YES;
				CLANG_WARN_NON_LITERAL_NULL_CONVERSION = YES;
				CLANG_WARN_OBJC_IMPLICIT_RETAIN_SELF = YES;
				CLANG_WARN_OBJC_LITERAL_CONVERSION = YES;
				CLANG_WARN_OBJC_ROOT_CLASS = YES_ERROR;
				CLANG_WARN_QUOTED_INCLUDE_IN_FRAMEWORK_HEADER = YES;
				CLANG_WARN_RANGE_LOOP_ANALYSIS = YES;
				CLANG_WARN_STRICT_PROTOTYPES = YES;
				CLANG_WARN_SUSPICIOUS_MOVE = YES;
				CLANG_WARN_UNGUARDED_AVAILABILITY = YES_AGGRESSIVE;
				CLANG_WARN_UNREACHABLE_CODE = YES;
				CLANG_WARN__DUPLICATE_METHOD_MATCH = YES;
				COPY_PHASE_STRIP = NO;
				DEBUG_INFORMATION_FORMAT = dwarf;
				ENABLE_STRICT_OBJC_MSGSEND = YES;
				ENABLE_TESTABILITY = YES;
				GCC_C_LANGUAGE_STANDARD = gnu11;
				GCC_DYNAMIC_NO_PIC = NO;
				GCC_NO_COMMON_BLOCKS = YES;
				GCC_OPTIMIZATION_LEVEL = 0;
				GCC_PREPROCESSOR_DEFINITIONS = (
					"DEBUG=1",
					"$(inherited)",
				);
				GCC_WARN_64_TO_32_BIT_CONVERSION = YES;
				GCC_WARN_ABOUT_RETURN_TYPE = YES_ERROR;
				GCC_WARN_UNDECLARED_SELECTOR = YES;
				GCC_WARN_UNINITIALIZED_AUTOS = YES_AGGRESSIVE;
				GCC_WARN_UNUSED_FUNCTION = YES;
				GCC_WARN_UNUSED_VARIABLE = YES;
				IPHONEOS_DEPLOYMENT_TARGET = 14.5;
				MTL_ENABLE_DEBUG_INFO = INCLUDE_SOURCE;
				MTL_FAST_MATH = YES;
				ONLY_ACTIVE_ARCH = YES;
				SDKROOT = iphoneos;
				SWIFT_ACTIVE_COMPILATION_CONDITIONS = DEBUG;
				SWIFT_OPTIMIZATION_LEVEL = "-Onone";
			};
			name = Debug;
		};
		D0498A332714181C00E53689 /* Release */ = {
			isa = XCBuildConfiguration;
			buildSettings = {
				ALWAYS_SEARCH_USER_PATHS = NO;
				CLANG_ANALYZER_NONNULL = YES;
				CLANG_ANALYZER_NUMBER_OBJECT_CONVERSION = YES_AGGRESSIVE;
				CLANG_CXX_LANGUAGE_STANDARD = "gnu++14";
				CLANG_CXX_LIBRARY = "libc++";
				CLANG_ENABLE_MODULES = YES;
				CLANG_ENABLE_OBJC_ARC = YES;
				CLANG_ENABLE_OBJC_WEAK = YES;
				CLANG_WARN_BLOCK_CAPTURE_AUTORELEASING = YES;
				CLANG_WARN_BOOL_CONVERSION = YES;
				CLANG_WARN_COMMA = YES;
				CLANG_WARN_CONSTANT_CONVERSION = YES;
				CLANG_WARN_DEPRECATED_OBJC_IMPLEMENTATIONS = YES;
				CLANG_WARN_DIRECT_OBJC_ISA_USAGE = YES_ERROR;
				CLANG_WARN_DOCUMENTATION_COMMENTS = YES;
				CLANG_WARN_EMPTY_BODY = YES;
				CLANG_WARN_ENUM_CONVERSION = YES;
				CLANG_WARN_INFINITE_RECURSION = YES;
				CLANG_WARN_INT_CONVERSION = YES;
				CLANG_WARN_NON_LITERAL_NULL_CONVERSION = YES;
				CLANG_WARN_OBJC_IMPLICIT_RETAIN_SELF = YES;
				CLANG_WARN_OBJC_LITERAL_CONVERSION = YES;
				CLANG_WARN_OBJC_ROOT_CLASS = YES_ERROR;
				CLANG_WARN_QUOTED_INCLUDE_IN_FRAMEWORK_HEADER = YES;
				CLANG_WARN_RANGE_LOOP_ANALYSIS = YES;
				CLANG_WARN_STRICT_PROTOTYPES = YES;
				CLANG_WARN_SUSPICIOUS_MOVE = YES;
				CLANG_WARN_UNGUARDED_AVAILABILITY = YES_AGGRESSIVE;
				CLANG_WARN_UNREACHABLE_CODE = YES;
				CLANG_WARN__DUPLICATE_METHOD_MATCH = YES;
				COPY_PHASE_STRIP = NO;
				DEBUG_INFORMATION_FORMAT = "dwarf-with-dsym";
				ENABLE_NS_ASSERTIONS = NO;
				ENABLE_STRICT_OBJC_MSGSEND = YES;
				GCC_C_LANGUAGE_STANDARD = gnu11;
				GCC_NO_COMMON_BLOCKS = YES;
				GCC_WARN_64_TO_32_BIT_CONVERSION = YES;
				GCC_WARN_ABOUT_RETURN_TYPE = YES_ERROR;
				GCC_WARN_UNDECLARED_SELECTOR = YES;
				GCC_WARN_UNINITIALIZED_AUTOS = YES_AGGRESSIVE;
				GCC_WARN_UNUSED_FUNCTION = YES;
				GCC_WARN_UNUSED_VARIABLE = YES;
				IPHONEOS_DEPLOYMENT_TARGET = 14.5;
				MTL_ENABLE_DEBUG_INFO = NO;
				MTL_FAST_MATH = YES;
				SDKROOT = iphoneos;
				SWIFT_COMPILATION_MODE = wholemodule;
				SWIFT_OPTIMIZATION_LEVEL = "-O";
				VALIDATE_PRODUCT = YES;
			};
			name = Release;
		};
		D0498A352714181C00E53689 /* Debug */ = {
			isa = XCBuildConfiguration;
			baseConfigurationReference = C66F69D0E1DF34EAAEFB992A /* Pods-Test.debug.xcconfig */;
			buildSettings = {
				ASSETCATALOG_COMPILER_APPICON_NAME = AppIcon;
				ASSETCATALOG_COMPILER_GLOBAL_ACCENT_COLOR_NAME = AccentColor;
				CODE_SIGN_STYLE = Automatic;
				DEVELOPMENT_TEAM = 53JH6T6SP3;
				INFOPLIST_FILE = Test/Info.plist;
				LD_RUNPATH_SEARCH_PATHS = (
					"$(inherited)",
					"@executable_path/Frameworks",
				);
				PRODUCT_BUNDLE_IDENTIFIER = DBL.com;
				PRODUCT_NAME = "$(TARGET_NAME)";
				SWIFT_VERSION = 5.0;
				TARGETED_DEVICE_FAMILY = "1,2";
			};
			name = Debug;
		};
		D0498A362714181C00E53689 /* Release */ = {
			isa = XCBuildConfiguration;
			baseConfigurationReference = BB2851F33B8E9A6535BD022A /* Pods-Test.release.xcconfig */;
			buildSettings = {
				ASSETCATALOG_COMPILER_APPICON_NAME = AppIcon;
				ASSETCATALOG_COMPILER_GLOBAL_ACCENT_COLOR_NAME = AccentColor;
				CODE_SIGN_STYLE = Automatic;
				DEVELOPMENT_TEAM = 53JH6T6SP3;
				INFOPLIST_FILE = Test/Info.plist;
				LD_RUNPATH_SEARCH_PATHS = (
					"$(inherited)",
					"@executable_path/Frameworks",
				);
				PRODUCT_BUNDLE_IDENTIFIER = DBL.com;
				PRODUCT_NAME = "$(TARGET_NAME)";
				SWIFT_VERSION = 5.0;
				TARGETED_DEVICE_FAMILY = "1,2";
			};
			name = Release;
		};
/* End XCBuildConfiguration section */

/* Begin XCConfigurationList section */
		D0498A182714181A00E53689 /* Build configuration list for PBXProject "Test" */ = {
			isa = XCConfigurationList;
			buildConfigurations = (
				D0498A322714181C00E53689 /* Debug */,
				D0498A332714181C00E53689 /* Release */,
			);
			defaultConfigurationIsVisible = 0;
			defaultConfigurationName = Release;
		};
		D0498A342714181C00E53689 /* Build configuration list for PBXNativeTarget "Test" */ = {
			isa = XCConfigurationList;
			buildConfigurations = (
				D0498A352714181C00E53689 /* Debug */,
				D0498A362714181C00E53689 /* Release */,
			);
			defaultConfigurationIsVisible = 0;
			defaultConfigurationName = Release;
		};
/* End XCConfigurationList section */

/* Begin XCVersionGroup section */
		D0498A292714181A00E53689 /* Test.xcdatamodeld */ = {
			isa = XCVersionGroup;
			children = (
				D0498A2A2714181A00E53689 /* Test.xcdatamodel */,
			);
			currentVersion = D0498A2A2714181A00E53689 /* Test.xcdatamodel */;
			path = Test.xcdatamodeld;
			sourceTree = "<group>";
			versionGroupType = wrapper.xcdatamodel;
		};
/* End XCVersionGroup section */
	};
	rootObject = D0498A152714181A00E53689 /* Project object */;
}
